# THIS IS AN AUTOGENERATED FILE. DO NOT EDIT THIS FILE DIRECTLY.
# yarn lockfile v1


"@cyberspace.link/auth@^1.0.0":
  version "1.0.0"
  resolved "https://registry.yarnpkg.com/@cyberspace.link/auth/-/auth-1.0.0.tgz#37e528f81a99a8d415a72e925ae0c8eaf04bf6d1"
  integrity sha512-ZK4+gsJ9W4GbXRjju4Kt+o8lGs1Ziy18EZOY0VtrwFtE767PXZkw9RHHGJpFgpgvaz6QwlYKnZ52Bey0v1o5Sw==
  dependencies:
    cyberspace-env "^1.0.5"
    js-cookie "^3.0.0"

cyberspace-env@^1.0.5:
  version "1.0.6"
  resolved "https://registry.yarnpkg.com/cyberspace-env/-/cyberspace-env-1.0.6.tgz#0cddb30631f0723e5c5eaed1695c9f0629e5abe8"
  integrity sha512-uxeaLzh02/e2WtVLGuS0b28WS5R44A89gvfkV2EgvSezQRJpAANJbwC8OV7Mjvf3IkC0TqlSF0qTIZR/8MsBvg==

js-cookie@^3.0.0:
  version "3.0.0"
  resolved "https://registry.yarnpkg.com/js-cookie/-/js-cookie-3.0.0.tgz#db1661d5459920ec95aaf186ccf74ceb4a495164"
  integrity sha512-oUbbplKuH07/XX2YD2+Q+GMiPpnVXaRz8npE7suhBH9QEkJe2W7mQ6rwuMXHue3fpfcftQwzgyvGzIHyfCSngQ==
